
Microsoft Visual Studio Solution File, Format Version 12.00
# Visual Studio Version 16
VisualStudioVersion = 16.0.30907.101
MinimumVisualStudioVersion = 10.0.40219.1
Project("{8BC9CEB8-8B4A-11D0-8D11-00A0C91BC942}") = "3Dprog22", "3Dprog22.vcxproj", "{E1EBFD11-235B-3B9D-85A6-E27140F85DC2}"
EndProject
Global
	GlobalSection(SolutionConfigurationPlatforms) = preSolution
		Debug|x64 = Debug|x64
		Debug|x86 = Debug|x86
		Release|x64 = Release|x64
		Release|x86 = Release|x86
	EndGlobalSection
	GlobalSection(ProjectConfigurationPlatforms) = postSolution
		{E1EBFD11-235B-3B9D-85A6-E27140F85DC2}.Debug|x64.ActiveCfg = Debug|x64
		{E1EBFD11-235B-3B9D-85A6-E27140F85DC2}.Debug|x64.Build.0 = Debug|x64
		{E1EBFD11-235B-3B9D-85A6-E27140F85DC2}.Debug|x86.ActiveCfg = Debug|x64
		{E1EBFD11-235B-3B9D-85A6-E27140F85DC2}.Release|x64.ActiveCfg = Release|x64
		{E1EBFD11-235B-3B9D-85A6-E27140F85DC2}.Release|x64.Build.0 = Release|x64
		{E1EBFD11-235B-3B9D-85A6-E27140F85DC2}.Release|x86.ActiveCfg = Release|x64
	EndGlobalSection
	GlobalSection(SolutionProperties) = preSolution
		HideSolutionNode = FALSE
	EndGlobalSection
	GlobalSection(ExtensibilityGlobals) = postSolution
		SolutionGuid = {CAB478CA-66DC-4FDF-9F30-6A8D53FFD816}
	EndGlobalSection
EndGlobal
